{
  "version": 4,
  "terraform_version": "1.5.3",
  "serial": 92,
  "lineage": "7c9662c0-947a-e69d-128e-1262eb5ede56",
  "outputs": {},
  "resources": [
    {
      "mode": "data",
      "type": "yandex_compute_image",
      "name": "ubuntu_image",
      "provider": "provider[\"registry.terraform.io/yandex-cloud/yandex\"]",
      "instances": [
        {
          "schema_version": 0,
          "attributes": {
            "created_at": "2023-07-10T10:52:32Z",
            "description": "ubuntu 20.04 lts",
            "family": "ubuntu-2004-lts",
            "folder_id": "standard-images",
            "id": "fd85f37uh98ldl1omk30",
            "image_id": "fd85f37uh98ldl1omk30",
            "labels": {},
            "min_disk_size": 5,
            "name": "ubuntu-20-04-lts-v20230710",
            "os_type": "linux",
            "pooled": true,
            "product_ids": [
              "f2ef6jide8f1cj8dcbun"
            ],
            "size": 4,
            "status": "ready"
          },
          "sensitive_attributes": []
        }
      ]
    },
    {
      "mode": "managed",
      "type": "yandex_compute_instance",
      "name": "devserver",
      "provider": "provider[\"registry.terraform.io/yandex-cloud/yandex\"]",
      "instances": [
        {
          "schema_version": 1,
          "attributes": {
            "allow_recreate": null,
            "allow_stopping_for_update": null,
            "boot_disk": [
              {
                "auto_delete": true,
                "device_name": "fhmtqd30h11tsbu82vvs",
                "disk_id": "fhmtqd30h11tsbu82vvs",
                "initialize_params": [
                  {
                    "block_size": 4096,
                    "description": "",
                    "image_id": "fd85f37uh98ldl1omk30",
                    "name": "",
                    "size": 5,
                    "snapshot_id": "",
                    "type": "network-hdd"
                  }
                ],
                "mode": "READ_WRITE"
              }
            ],
            "created_at": "2023-07-15T11:14:46Z",
            "description": "",
            "filesystem": [],
            "folder_id": "b1gi1cqqu127k2ga98cv",
            "fqdn": "fhmjesbhq6ol7sr24vuj.auto.internal",
            "gpu_cluster_id": "",
            "hostname": "",
            "id": "fhmjesbhq6ol7sr24vuj",
            "labels": null,
            "local_disk": [],
            "metadata": {
              "ssh-keys": "#cloud-config\r\ndatasource:\r\n Ec2:\r\n  strict_id: false\r\nssh_pwauth: no\r\nusers:\r\n- name: ilyatask\r\n  sudo: ALL=(ALL) NOPASSWD:ALL\r\n  shell: /bin/bash\r\n  ssh-authorized-keys:\r\n  - ssh-rsa AAAAB3NzaC1yc2EAAAADAQABAAABgQC8K2YYS0bwiFlIRq/9v0zzwNH1xw2JrlhvHzaaIFJxsKT0U+4E/vO9Lk4uNJkkknIkLbUZD7YrkX48lNnckjoqADYLMw64YP29jMNkXl3WPDfi95Gh4xcKGFZgvWj0J5TVnwXZ751sgZW8gPPckR5ToPx2J8RcF2NykteK39H4Q3jjO2BxvYa2EfjIQnAj9/eDobe4iVjv5ISH94R8rAAdRdD3xwrk7ug580ySyvepMXD+b0ASkoMUZs7XOymk4XHhwE5Nb4T7htmpYi9uCGWNJcoWkNQqRSEwCDXIN8XuRhK9wNGxsLmk8ybJlXexg9MpBUi0C7xtWFoS695du9ReONmeT/z7jf7IyOm8JlYwZ/54fZGievgW3/g3gjB7VZkvblL1/glGhXP5jEbBcnrkRX7axBp49fXCY84RGvKgcH48AVphwJCrertfkEi6IEo14bw0LKuIqxz5ceeNeaw2KmJe1UDMa/wd2kdFA/ZCOOTVJcwmOnvXWqLfn+XqKts= 79630@LAPTOP-4GH6DJDS\r\n"
            },
            "metadata_options": [
              {
                "aws_v1_http_endpoint": 1,
                "aws_v1_http_token": 2,
                "gce_http_endpoint": 1,
                "gce_http_token": 1
              }
            ],
            "name": "devserver",
            "network_acceleration_type": "standard",
            "network_interface": [
              {
                "dns_record": [],
                "index": 0,
                "ip_address": "10.2.0.11",
                "ipv4": true,
                "ipv6": false,
                "ipv6_address": "",
                "ipv6_dns_record": [],
                "mac_address": "d0:0d:13:77:17:1d",
                "nat": true,
                "nat_dns_record": [],
                "nat_ip_address": "158.160.104.185",
                "nat_ip_version": "IPV4",
                "security_group_ids": [],
                "subnet_id": "e9buos409ra7g8qcnl0t"
              }
            ],
            "placement_policy": [
              {
                "host_affinity_rules": [],
                "placement_group_id": ""
              }
            ],
            "platform_id": "standard-v1",
            "resources": [
              {
                "core_fraction": 100,
                "cores": 2,
                "gpus": 0,
                "memory": 2
              }
            ],
            "scheduling_policy": [
              {
                "preemptible": false
              }
            ],
            "secondary_disk": [],
            "service_account_id": "",
            "status": "running",
            "timeouts": null,
            "zone": "ru-central1-a"
          },
          "sensitive_attributes": [],
          "private": "eyJlMmJmYjczMC1lY2FhLTExZTYtOGY4OC0zNDM2M2JjN2M0YzAiOnsiY3JlYXRlIjozMDAwMDAwMDAwMDAsImRlbGV0ZSI6MzAwMDAwMDAwMDAwLCJ1cGRhdGUiOjMwMDAwMDAwMDAwMH0sInNjaGVtYV92ZXJzaW9uIjoiMSJ9",
          "dependencies": [
            "data.yandex_compute_image.ubuntu_image",
            "yandex_vpc_subnet.devtask"
          ]
        }
      ]
    },
    {
      "mode": "managed",
      "type": "yandex_vpc_network",
      "name": "taskvpc",
      "provider": "provider[\"registry.terraform.io/yandex-cloud/yandex\"]",
      "instances": [
        {
          "schema_version": 0,
          "attributes": {
            "created_at": "2023-07-14T21:11:46Z",
            "default_security_group_id": "",
            "description": "",
            "folder_id": "b1gi1cqqu127k2ga98cv",
            "id": "enp767gdqq9de6mcbn47",
            "labels": {},
            "name": "ilyadev",
            "subnet_ids": [
              "e9buos409ra7g8qcnl0t"
            ],
            "timeouts": null
          },
          "sensitive_attributes": [],
          "private": "eyJlMmJmYjczMC1lY2FhLTExZTYtOGY4OC0zNDM2M2JjN2M0YzAiOnsiY3JlYXRlIjo2MDAwMDAwMDAwMCwiZGVsZXRlIjo2MDAwMDAwMDAwMCwidXBkYXRlIjo2MDAwMDAwMDAwMH19"
        }
      ]
    },
    {
      "mode": "managed",
      "type": "yandex_vpc_subnet",
      "name": "devtask",
      "provider": "provider[\"registry.terraform.io/yandex-cloud/yandex\"]",
      "instances": [
        {
          "schema_version": 0,
          "attributes": {
            "created_at": "2023-07-14T21:11:47Z",
            "description": "",
            "dhcp_options": [],
            "folder_id": "b1gi1cqqu127k2ga98cv",
            "id": "e9buos409ra7g8qcnl0t",
            "labels": {},
            "name": "",
            "network_id": "enp767gdqq9de6mcbn47",
            "route_table_id": "",
            "timeouts": null,
            "v4_cidr_blocks": [
              "10.2.0.0/16"
            ],
            "v6_cidr_blocks": [],
            "zone": "ru-central1-a"
          },
          "sensitive_attributes": [],
          "private": "eyJlMmJmYjczMC1lY2FhLTExZTYtOGY4OC0zNDM2M2JjN2M0YzAiOnsiY3JlYXRlIjoxODAwMDAwMDAwMDAsImRlbGV0ZSI6MTgwMDAwMDAwMDAwLCJ1cGRhdGUiOjE4MDAwMDAwMDAwMH19",
          "dependencies": [
            "yandex_vpc_network.taskvpc"
          ]
        }
      ]
    }
  ],
  "check_results": null
}
